
Microsoft Visual Studio Solution File, Format Version 12.00
# Visual Studio Version 17
VisualStudioVersion = 17.2.32526.322
MinimumVisualStudioVersion = 10.0.40219.1
Project("{FAE04EC0-301F-11D3-BF4B-00C04F79EFBC}") = "C-CRUD-EFCore-CodeFirst.API", "C-CRUD-EFCore-CodeFirst.API\C-CRUD-EFCore-CodeFirst.API.csproj", "{4302F0AA-EEDE-4A35-A230-F1CA3A4178FD}"
EndProject
Project("{FAE04EC0-301F-11D3-BF4B-00C04F79EFBC}") = "C-CRUD-EFCore-CodeFirst.Core", "C-CRUD-EFCore-CodeFirst.Core\C-CRUD-EFCore-CodeFirst.Core.csproj", "{121498E3-F3F6-4293-97EA-C12E9196A2B9}"
EndProject
Global
	GlobalSection(SolutionConfigurationPlatforms) = preSolution
		Debug|Any CPU = Debug|Any CPU
		Release|Any CPU = Release|Any CPU
	EndGlobalSection
	GlobalSection(ProjectConfigurationPlatforms) = postSolution
		{4302F0AA-EEDE-4A35-A230-F1CA3A4178FD}.Debug|Any CPU.ActiveCfg = Debug|Any CPU
		{4302F0AA-EEDE-4A35-A230-F1CA3A4178FD}.Debug|Any CPU.Build.0 = Debug|Any CPU
		{4302F0AA-EEDE-4A35-A230-F1CA3A4178FD}.Release|Any CPU.ActiveCfg = Release|Any CPU
		{4302F0AA-EEDE-4A35-A230-F1CA3A4178FD}.Release|Any CPU.Build.0 = Release|Any CPU
		{121498E3-F3F6-4293-97EA-C12E9196A2B9}.Debug|Any CPU.ActiveCfg = Debug|Any CPU
		{121498E3-F3F6-4293-97EA-C12E9196A2B9}.Debug|Any CPU.Build.0 = Debug|Any CPU
		{121498E3-F3F6-4293-97EA-C12E9196A2B9}.Release|Any CPU.ActiveCfg = Release|Any CPU
		{121498E3-F3F6-4293-97EA-C12E9196A2B9}.Release|Any CPU.Build.0 = Release|Any CPU
	EndGlobalSection
	GlobalSection(SolutionProperties) = preSolution
		HideSolutionNode = FALSE
	EndGlobalSection
	GlobalSection(ExtensibilityGlobals) = postSolution
		SolutionGuid = {70CAB80D-86CB-474D-8034-D45BC20CEFD4}
	EndGlobalSection
EndGlobal
